
Microsoft Visual Studio Solution File, Format Version 12.00
# Visual Studio Version 16
VisualStudioVersion = 16.0.29613.14
MinimumVisualStudioVersion = 10.0.40219.1
Project("{FAE04EC0-301F-11D3-BF4B-00C04F79EFBC}") = "LeetCode_AverageLevelsInBinaryTree", "LeetCode_AverageLevelsInBinaryTree\LeetCode_AverageLevelsInBinaryTree.csproj", "{DCD5A75F-FB6C-491E-930F-ABAD84D927F2}"
EndProject
Global
	GlobalSection(SolutionConfigurationPlatforms) = preSolution
		Debug|Any CPU = Debug|Any CPU
		Release|Any CPU = Release|Any CPU
	EndGlobalSection
	GlobalSection(ProjectConfigurationPlatforms) = postSolution
		{DCD5A75F-FB6C-491E-930F-ABAD84D927F2}.Debug|Any CPU.ActiveCfg = Debug|Any CPU
		{DCD5A75F-FB6C-491E-930F-ABAD84D927F2}.Debug|Any CPU.Build.0 = Debug|Any CPU
		{DCD5A75F-FB6C-491E-930F-ABAD84D927F2}.Release|Any CPU.ActiveCfg = Release|Any CPU
		{DCD5A75F-FB6C-491E-930F-ABAD84D927F2}.Release|Any CPU.Build.0 = Release|Any CPU
	EndGlobalSection
	GlobalSection(SolutionProperties) = preSolution
		HideSolutionNode = FALSE
	EndGlobalSection
	GlobalSection(ExtensibilityGlobals) = postSolution
		SolutionGuid = {A616C4FE-7A79-4209-93A5-A0C7E62287E0}
	EndGlobalSection
EndGlobal
